
Microsoft Visual Studio Solution File, Format Version 12.00
# Visual Studio 14
VisualStudioVersion = 14.0.23107.0
MinimumVisualStudioVersion = 10.0.40219.1
Project("{FAE04EC0-301F-11D3-BF4B-00C04F79EFBC}") = "01.People", "01.People\01.People.csproj", "{9BD6DC01-D934-471E-A2BC-ADD00703C43F}"
EndProject
Project("{FAE04EC0-301F-11D3-BF4B-00C04F79EFBC}") = "02.LaptopShop", "02.LaptopShop\02.LaptopShop.csproj", "{4494DA43-5049-4AC2-8C1A-68E35BF562BE}"
EndProject
Project("{FAE04EC0-301F-11D3-BF4B-00C04F79EFBC}") = "03.ComputerCatalogue", "03.ComputerCatalogue\03.ComputerCatalogue.csproj", "{5BD5EC81-9B76-41F8-B740-E94513D4276F}"
EndProject
Global
	GlobalSection(SolutionConfigurationPlatforms) = preSolution
		Debug|Any CPU = Debug|Any CPU
		Release|Any CPU = Release|Any CPU
	EndGlobalSection
	GlobalSection(ProjectConfigurationPlatforms) = postSolution
		{9BD6DC01-D934-471E-A2BC-ADD00703C43F}.Debug|Any CPU.ActiveCfg = Debug|Any CPU
		{9BD6DC01-D934-471E-A2BC-ADD00703C43F}.Debug|Any CPU.Build.0 = Debug|Any CPU
		{9BD6DC01-D934-471E-A2BC-ADD00703C43F}.Release|Any CPU.ActiveCfg = Release|Any CPU
		{9BD6DC01-D934-471E-A2BC-ADD00703C43F}.Release|Any CPU.Build.0 = Release|Any CPU
		{4494DA43-5049-4AC2-8C1A-68E35BF562BE}.Debug|Any CPU.ActiveCfg = Debug|Any CPU
		{4494DA43-5049-4AC2-8C1A-68E35BF562BE}.Debug|Any CPU.Build.0 = Debug|Any CPU
		{4494DA43-5049-4AC2-8C1A-68E35BF562BE}.Release|Any CPU.ActiveCfg = Release|Any CPU
		{4494DA43-5049-4AC2-8C1A-68E35BF562BE}.Release|Any CPU.Build.0 = Release|Any CPU
		{5BD5EC81-9B76-41F8-B740-E94513D4276F}.Debug|Any CPU.ActiveCfg = Debug|Any CPU
		{5BD5EC81-9B76-41F8-B740-E94513D4276F}.Debug|Any CPU.Build.0 = Debug|Any CPU
		{5BD5EC81-9B76-41F8-B740-E94513D4276F}.Release|Any CPU.ActiveCfg = Release|Any CPU
		{5BD5EC81-9B76-41F8-B740-E94513D4276F}.Release|Any CPU.Build.0 = Release|Any CPU
	EndGlobalSection
	GlobalSection(SolutionProperties) = preSolution
		HideSolutionNode = FALSE
	EndGlobalSection
EndGlobal
